// !$*UTF8*$!
{
	archiveVersion = 1;
	classes = {
	};
	objectVersion = 56;
	objects = {

/* Begin PBXBuildFile section */
		83B24BD22A38CE14001F7402 /* MPFileManager.m in Sources */ = {isa = PBXBuildFile; fileRef = 83B24BD12A38CE14001F7402 /* MPFileManager.m */; };
		83B24BD52A38D13B001F7402 /* MPAllert.m in Sources */ = {isa = PBXBuildFile; fileRef = 83B24BD42A38D13B001F7402 /* MPAllert.m */; };
		83B24BD82A39055D001F7402 /* MPGeocoder.m in Sources */ = {isa = PBXBuildFile; fileRef = 83B24BD72A39055D001F7402 /* MPGeocoder.m */; };
		83B68C5D2A3A190A00FB2088 /* DetailsViewController.m in Sources */ = {isa = PBXBuildFile; fileRef = 83B68C5C2A3A190A00FB2088 /* DetailsViewController.m */; };
		83B68C612A3A28E400FB2088 /* AppLogo.png in Resources */ = {isa = PBXBuildFile; fileRef = 83B68C602A3A28E400FB2088 /* AppLogo.png */; };
		83B68C652A3A36B700FB2088 /* MPLocation+LocationPin.m in Sources */ = {isa = PBXBuildFile; fileRef = 83B68C642A3A36B700FB2088 /* MPLocation+LocationPin.m */; };
		83BDF8ED2A35A79700DA97A7 /* MPLocations.m in Sources */ = {isa = PBXBuildFile; fileRef = 83BDF8EC2A35A79700DA97A7 /* MPLocations.m */; };
		83CECCF22A37960900984D6A /* MPJsonManager.m in Sources */ = {isa = PBXBuildFile; fileRef = 83CECCF12A37960900984D6A /* MPJsonManager.m */; };
		83CECCFE2A379C5500984D6A /* LocationsTableViewController.m in Sources */ = {isa = PBXBuildFile; fileRef = 83CECCFD2A379C5500984D6A /* LocationsTableViewController.m */; };
		83CECD032A37A31A00984D6A /* AddLocationViewController.m in Sources */ = {isa = PBXBuildFile; fileRef = 83CECD022A37A31A00984D6A /* AddLocationViewController.m */; };
		83FD99562A35054400DE1161 /* AppDelegate.m in Sources */ = {isa = PBXBuildFile; fileRef = 83FD99552A35054400DE1161 /* AppDelegate.m */; };
		83FD99592A35054400DE1161 /* SceneDelegate.m in Sources */ = {isa = PBXBuildFile; fileRef = 83FD99582A35054400DE1161 /* SceneDelegate.m */; };
		83FD995C2A35054400DE1161 /* MainViewController.m in Sources */ = {isa = PBXBuildFile; fileRef = 83FD995B2A35054400DE1161 /* MainViewController.m */; };
		83FD995F2A35054400DE1161 /* Main.storyboard in Resources */ = {isa = PBXBuildFile; fileRef = 83FD995D2A35054400DE1161 /* Main.storyboard */; };
		83FD99612A35054500DE1161 /* Assets.xcassets in Resources */ = {isa = PBXBuildFile; fileRef = 83FD99602A35054500DE1161 /* Assets.xcassets */; };
		83FD99642A35054500DE1161 /* LaunchScreen.storyboard in Resources */ = {isa = PBXBuildFile; fileRef = 83FD99622A35054500DE1161 /* LaunchScreen.storyboard */; };
		83FD99672A35054600DE1161 /* main.m in Sources */ = {isa = PBXBuildFile; fileRef = 83FD99662A35054600DE1161 /* main.m */; };
		83FD99702A350A6C00DE1161 /* MPLocation.m in Sources */ = {isa = PBXBuildFile; fileRef = 83FD996F2A350A6C00DE1161 /* MPLocation.m */; };
/* End PBXBuildFile section */

/* Begin PBXFileReference section */
		83B24BD02A38CE14001F7402 /* MPFileManager.h */ = {isa = PBXFileReference; lastKnownFileType = sourcecode.c.h; path = MPFileManager.h; sourceTree = "<group>"; };
		83B24BD12A38CE14001F7402 /* MPFileManager.m */ = {isa = PBXFileReference; lastKnownFileType = sourcecode.c.objc; path = MPFileManager.m; sourceTree = "<group>"; };
		83B24BD32A38D13B001F7402 /* MPAllert.h */ = {isa = PBXFileReference; lastKnownFileType = sourcecode.c.h; path = MPAllert.h; sourceTree = "<group>"; };
		83B24BD42A38D13B001F7402 /* MPAllert.m */ = {isa = PBXFileReference; lastKnownFileType = sourcecode.c.objc; path = MPAllert.m; sourceTree = "<group>"; };
		83B24BD62A39055D001F7402 /* MPGeocoder.h */ = {isa = PBXFileReference; lastKnownFileType = sourcecode.c.h; path = MPGeocoder.h; sourceTree = "<group>"; };
		83B24BD72A39055D001F7402 /* MPGeocoder.m */ = {isa = PBXFileReference; lastKnownFileType = sourcecode.c.objc; path = MPGeocoder.m; sourceTree = "<group>"; };
		83B68C5B2A3A190A00FB2088 /* DetailsViewController.h */ = {isa = PBXFileReference; lastKnownFileType = sourcecode.c.h; path = DetailsViewController.h; sourceTree = "<group>"; };
		83B68C5C2A3A190A00FB2088 /* DetailsViewController.m */ = {isa = PBXFileReference; lastKnownFileType = sourcecode.c.objc; path = DetailsViewController.m; sourceTree = "<group>"; };
		83B68C602A3A28E400FB2088 /* AppLogo.png */ = {isa = PBXFileReference; lastKnownFileType = image.png; path = AppLogo.png; sourceTree = "<group>"; };
		83B68C632A3A36B700FB2088 /* MPLocation+LocationPin.h */ = {isa = PBXFileReference; lastKnownFileType = sourcecode.c.h; path = "MPLocation+LocationPin.h"; sourceTree = "<group>"; };
		83B68C642A3A36B700FB2088 /* MPLocation+LocationPin.m */ = {isa = PBXFileReference; lastKnownFileType = sourcecode.c.objc; path = "MPLocation+LocationPin.m"; sourceTree = "<group>"; };
		83BDF8EB2A35A79700DA97A7 /* MPLocations.h */ = {isa = PBXFileReference; lastKnownFileType = sourcecode.c.h; path = MPLocations.h; sourceTree = "<group>"; };
		83BDF8EC2A35A79700DA97A7 /* MPLocations.m */ = {isa = PBXFileReference; lastKnownFileType = sourcecode.c.objc; path = MPLocations.m; sourceTree = "<group>"; };
		83CECCF02A37960900984D6A /* MPJsonManager.h */ = {isa = PBXFileReference; lastKnownFileType = sourcecode.c.h; path = MPJsonManager.h; sourceTree = "<group>"; };
		83CECCF12A37960900984D6A /* MPJsonManager.m */ = {isa = PBXFileReference; lastKnownFileType = sourcecode.c.objc; path = MPJsonManager.m; sourceTree = "<group>"; };
		83CECCFC2A379C5500984D6A /* LocationsTableViewController.h */ = {isa = PBXFileReference; lastKnownFileType = sourcecode.c.h; path = LocationsTableViewController.h; sourceTree = "<group>"; };
		83CECCFD2A379C5500984D6A /* LocationsTableViewController.m */ = {isa = PBXFileReference; lastKnownFileType = sourcecode.c.objc; path = LocationsTableViewController.m; sourceTree = "<group>"; };
		83CECD012A37A31A00984D6A /* AddLocationViewController.h */ = {isa = PBXFileReference; lastKnownFileType = sourcecode.c.h; path = AddLocationViewController.h; sourceTree = "<group>"; };
		83CECD022A37A31A00984D6A /* AddLocationViewController.m */ = {isa = PBXFileReference; lastKnownFileType = sourcecode.c.objc; path = AddLocationViewController.m; sourceTree = "<group>"; };
		83FD99512A35054400DE1161 /* PlaceReminder.app */ = {isa = PBXFileReference; explicitFileType = wrapper.application; includeInIndex = 0; path = PlaceReminder.app; sourceTree = BUILT_PRODUCTS_DIR; };
		83FD99542A35054400DE1161 /* AppDelegate.h */ = {isa = PBXFileReference; lastKnownFileType = sourcecode.c.h; path = AppDelegate.h; sourceTree = "<group>"; };
		83FD99552A35054400DE1161 /* AppDelegate.m */ = {isa = PBXFileReference; lastKnownFileType = sourcecode.c.objc; path = AppDelegate.m; sourceTree = "<group>"; };
		83FD99572A35054400DE1161 /* SceneDelegate.h */ = {isa = PBXFileReference; lastKnownFileType = sourcecode.c.h; path = SceneDelegate.h; sourceTree = "<group>"; };
		83FD99582A35054400DE1161 /* SceneDelegate.m */ = {isa = PBXFileReference; lastKnownFileType = sourcecode.c.objc; path = SceneDelegate.m; sourceTree = "<group>"; };
		83FD995A2A35054400DE1161 /* MainViewController.h */ = {isa = PBXFileReference; lastKnownFileType = sourcecode.c.h; path = MainViewController.h; sourceTree = "<group>"; };
		83FD995B2A35054400DE1161 /* MainViewController.m */ = {isa = PBXFileReference; lastKnownFileType = sourcecode.c.objc; path = MainViewController.m; sourceTree = "<group>"; };
		83FD995E2A35054400DE1161 /* Base */ = {isa = PBXFileReference; lastKnownFileType = file.storyboard; name = Base; path = Base.lproj/Main.storyboard; sourceTree = "<group>"; };
		83FD99602A35054500DE1161 /* Assets.xcassets */ = {isa = PBXFileReference; lastKnownFileType = folder.assetcatalog; path = Assets.xcassets; sourceTree = "<group>"; };
		83FD99632A35054500DE1161 /* Base */ = {isa = PBXFileReference; lastKnownFileType = file.storyboard; name = Base; path = Base.lproj/LaunchScreen.storyboard; sourceTree = "<group>"; };
		83FD99652A35054600DE1161 /* Info.plist */ = {isa = PBXFileReference; lastKnownFileType = text.plist.xml; path = Info.plist; sourceTree = "<group>"; };
		83FD99662A35054600DE1161 /* main.m */ = {isa = PBXFileReference; lastKnownFileType = sourcecode.c.objc; path = main.m; sourceTree = "<group>"; };
		83FD996E2A350A6C00DE1161 /* MPLocation.h */ = {isa = PBXFileReference; lastKnownFileType = sourcecode.c.h; path = MPLocation.h; sourceTree = "<group>"; };
		83FD996F2A350A6C00DE1161 /* MPLocation.m */ = {isa = PBXFileReference; lastKnownFileType = sourcecode.c.objc; path = MPLocation.m; sourceTree = "<group>"; };
/* End PBXFileReference section */

/* Begin PBXFrameworksBuildPhase section */
		83FD994E2A35054400DE1161 /* Frameworks */ = {
			isa = PBXFrameworksBuildPhase;
			buildActionMask = 2147483647;
			files = (
			);
			runOnlyForDeploymentPostprocessing = 0;
		};
/* End PBXFrameworksBuildPhase section */

/* Begin PBXGroup section */
		83B68C622A3A367C00FB2088 /* Categories */ = {
			isa = PBXGroup;
			children = (
				83B68C632A3A36B700FB2088 /* MPLocation+LocationPin.h */,
				83B68C642A3A36B700FB2088 /* MPLocation+LocationPin.m */,
			);
			path = Categories;
			sourceTree = "<group>";
		};
		83BDF8E72A35A68A00DA97A7 /* ViewController */ = {
			isa = PBXGroup;
			children = (
				83FD995A2A35054400DE1161 /* MainViewController.h */,
				83FD995B2A35054400DE1161 /* MainViewController.m */,
				83CECCFC2A379C5500984D6A /* LocationsTableViewController.h */,
				83CECCFD2A379C5500984D6A /* LocationsTableViewController.m */,
				83CECD012A37A31A00984D6A /* AddLocationViewController.h */,
				83CECD022A37A31A00984D6A /* AddLocationViewController.m */,
				83B68C5B2A3A190A00FB2088 /* DetailsViewController.h */,
				83B68C5C2A3A190A00FB2088 /* DetailsViewController.m */,
			);
			path = ViewController;
			sourceTree = "<group>";
		};
		83CECCFF2A37A10200984D6A /* Resource */ = {
			isa = PBXGroup;
			children = (
				83B68C602A3A28E400FB2088 /* AppLogo.png */,
			);
			path = Resource;
			sourceTree = "<group>";
		};
		83FD99482A35054400DE1161 = {
			isa = PBXGroup;
			children = (
				83FD99532A35054400DE1161 /* PlaceReminder */,
				83FD99522A35054400DE1161 /* Products */,
			);
			sourceTree = "<group>";
		};
		83FD99522A35054400DE1161 /* Products */ = {
			isa = PBXGroup;
			children = (
				83FD99512A35054400DE1161 /* PlaceReminder.app */,
			);
			name = Products;
			sourceTree = "<group>";
		};
		83FD99532A35054400DE1161 /* PlaceReminder */ = {
			isa = PBXGroup;
			children = (
				83B68C622A3A367C00FB2088 /* Categories */,
				83CECCFF2A37A10200984D6A /* Resource */,
				83BDF8E72A35A68A00DA97A7 /* ViewController */,
				83FD996D2A3509B200DE1161 /* Classes */,
				83FD99542A35054400DE1161 /* AppDelegate.h */,
				83FD99552A35054400DE1161 /* AppDelegate.m */,
				83FD99572A35054400DE1161 /* SceneDelegate.h */,
				83FD99582A35054400DE1161 /* SceneDelegate.m */,
				83FD995D2A35054400DE1161 /* Main.storyboard */,
				83FD99602A35054500DE1161 /* Assets.xcassets */,
				83FD99622A35054500DE1161 /* LaunchScreen.storyboard */,
				83FD99652A35054600DE1161 /* Info.plist */,
				83FD99662A35054600DE1161 /* main.m */,
			);
			path = PlaceReminder;
			sourceTree = "<group>";
		};
		83FD996D2A3509B200DE1161 /* Classes */ = {
			isa = PBXGroup;
			children = (
				83FD996E2A350A6C00DE1161 /* MPLocation.h */,
				83FD996F2A350A6C00DE1161 /* MPLocation.m */,
				83BDF8EB2A35A79700DA97A7 /* MPLocations.h */,
				83BDF8EC2A35A79700DA97A7 /* MPLocations.m */,
				83CECCF02A37960900984D6A /* MPJsonManager.h */,
				83CECCF12A37960900984D6A /* MPJsonManager.m */,
				83B24BD02A38CE14001F7402 /* MPFileManager.h */,
				83B24BD12A38CE14001F7402 /* MPFileManager.m */,
				83B24BD32A38D13B001F7402 /* MPAllert.h */,
				83B24BD42A38D13B001F7402 /* MPAllert.m */,
				83B24BD62A39055D001F7402 /* MPGeocoder.h */,
				83B24BD72A39055D001F7402 /* MPGeocoder.m */,
			);
			path = Classes;
			sourceTree = "<group>";
		};
/* End PBXGroup section */

/* Begin PBXNativeTarget section */
		83FD99502A35054400DE1161 /* PlaceReminder */ = {
			isa = PBXNativeTarget;
			buildConfigurationList = 83FD996A2A35054600DE1161 /* Build configuration list for PBXNativeTarget "PlaceReminder" */;
			buildPhases = (
				83FD994D2A35054400DE1161 /* Sources */,
				83FD994E2A35054400DE1161 /* Frameworks */,
				83FD994F2A35054400DE1161 /* Resources */,
			);
			buildRules = (
			);
			dependencies = (
			);
			name = PlaceReminder;
			productName = PlaceReminder;
			productReference = 83FD99512A35054400DE1161 /* PlaceReminder.app */;
			productType = "com.apple.product-type.application";
		};
/* End PBXNativeTarget section */

/* Begin PBXProject section */
		83FD99492A35054400DE1161 /* Project object */ = {
			isa = PBXProject;
			attributes = {
				BuildIndependentTargetsInParallel = 1;
				LastUpgradeCheck = 1430;
				TargetAttributes = {
					83FD99502A35054400DE1161 = {
						CreatedOnToolsVersion = 14.3;
					};
				};
			};
			buildConfigurationList = 83FD994C2A35054400DE1161 /* Build configuration list for PBXProject "PlaceReminder" */;
			compatibilityVersion = "Xcode 14.0";
			developmentRegion = en;
			hasScannedForEncodings = 0;
			knownRegions = (
				en,
				Base,
			);
			mainGroup = 83FD99482A35054400DE1161;
			productRefGroup = 83FD99522A35054400DE1161 /* Products */;
			projectDirPath = "";
			projectRoot = "";
			targets = (
				83FD99502A35054400DE1161 /* PlaceReminder */,
			);
		};
/* End PBXProject section */

/* Begin PBXResourcesBuildPhase section */
		83FD994F2A35054400DE1161 /* Resources */ = {
			isa = PBXResourcesBuildPhase;
			buildActionMask = 2147483647;
			files = (
				83B68C612A3A28E400FB2088 /* AppLogo.png in Resources */,
				83FD99642A35054500DE1161 /* LaunchScreen.storyboard in Resources */,
				83FD99612A35054500DE1161 /* Assets.xcassets in Resources */,
				83FD995F2A35054400DE1161 /* Main.storyboard in Resources */,
			);
			runOnlyForDeploymentPostprocessing = 0;
		};
/* End PBXResourcesBuildPhase section */

/* Begin PBXSourcesBuildPhase section */
		83FD994D2A35054400DE1161 /* Sources */ = {
			isa = PBXSourcesBuildPhase;
			buildActionMask = 2147483647;
			files = (
				83B24BD82A39055D001F7402 /* MPGeocoder.m in Sources */,
				83BDF8ED2A35A79700DA97A7 /* MPLocations.m in Sources */,
				83B68C652A3A36B700FB2088 /* MPLocation+LocationPin.m in Sources */,
				83FD995C2A35054400DE1161 /* MainViewController.m in Sources */,
				83FD99702A350A6C00DE1161 /* MPLocation.m in Sources */,
				83B68C5D2A3A190A00FB2088 /* DetailsViewController.m in Sources */,
				83CECD032A37A31A00984D6A /* AddLocationViewController.m in Sources */,
				83CECCF22A37960900984D6A /* MPJsonManager.m in Sources */,
				83B24BD52A38D13B001F7402 /* MPAllert.m in Sources */,
				83CECCFE2A379C5500984D6A /* LocationsTableViewController.m in Sources */,
				83B24BD22A38CE14001F7402 /* MPFileManager.m in Sources */,
				83FD99562A35054400DE1161 /* AppDelegate.m in Sources */,
				83FD99672A35054600DE1161 /* main.m in Sources */,
				83FD99592A35054400DE1161 /* SceneDelegate.m in Sources */,
			);
			runOnlyForDeploymentPostprocessing = 0;
		};
/* End PBXSourcesBuildPhase section */

/* Begin PBXVariantGroup section */
		83FD995D2A35054400DE1161 /* Main.storyboard */ = {
			isa = PBXVariantGroup;
			children = (
				83FD995E2A35054400DE1161 /* Base */,
			);
			name = Main.storyboard;
			sourceTree = "<group>";
		};
		83FD99622A35054500DE1161 /* LaunchScreen.storyboard */ = {
			isa = PBXVariantGroup;
			children = (
				83FD99632A35054500DE1161 /* Base */,
			);
			name = LaunchScreen.storyboard;
			sourceTree = "<group>";
		};
/* End PBXVariantGroup section */

/* Begin XCBuildConfiguration section */
		83FD99682A35054600DE1161 /* Debug */ = {
			isa = XCBuildConfiguration;
			buildSettings = {
				ALWAYS_SEARCH_USER_PATHS = NO;
				CLANG_ANALYZER_NONNULL = YES;
				CLANG_ANALYZER_NUMBER_OBJECT_CONVERSION = YES_AGGRESSIVE;
				CLANG_CXX_LANGUAGE_STANDARD = "gnu++20";
				CLANG_ENABLE_MODULES = YES;
				CLANG_ENABLE_OBJC_ARC = YES;
				CLANG_ENABLE_OBJC_WEAK = YES;
				CLANG_WARN_BLOCK_CAPTURE_AUTORELEASING = YES;
				CLANG_WARN_BOOL_CONVERSION = YES;
				CLANG_WARN_COMMA = YES;
				CLANG_WARN_CONSTANT_CONVERSION = YES;
				CLANG_WARN_DEPRECATED_OBJC_IMPLEMENTATIONS = YES;
				CLANG_WARN_DIRECT_OBJC_ISA_USAGE = YES_ERROR;
				CLANG_WARN_DOCUMENTATION_COMMENTS = YES;
				CLANG_WARN_EMPTY_BODY = YES;
				CLANG_WARN_ENUM_CONVERSION = YES;
				CLANG_WARN_INFINITE_RECURSION = YES;
				CLANG_WARN_INT_CONVERSION = YES;
				CLANG_WARN_NON_LITERAL_NULL_CONVERSION = YES;
				CLANG_WARN_OBJC_IMPLICIT_RETAIN_SELF = YES;
				CLANG_WARN_OBJC_LITERAL_CONVERSION = YES;
				CLANG_WARN_OBJC_ROOT_CLASS = YES_ERROR;
				CLANG_WARN_QUOTED_INCLUDE_IN_FRAMEWORK_HEADER = YES;
				CLANG_WARN_RANGE_LOOP_ANALYSIS = YES;
				CLANG_WARN_STRICT_PROTOTYPES = YES;
				CLANG_WARN_SUSPICIOUS_MOVE = YES;
				CLANG_WARN_UNGUARDED_AVAILABILITY = YES_AGGRESSIVE;
				CLANG_WARN_UNREACHABLE_CODE = YES;
				CLANG_WARN__DUPLICATE_METHOD_MATCH = YES;
				COPY_PHASE_STRIP = NO;
				DEBUG_INFORMATION_FORMAT = dwarf;
				ENABLE_STRICT_OBJC_MSGSEND = YES;
				ENABLE_TESTABILITY = YES;
				GCC_C_LANGUAGE_STANDARD = gnu11;
				GCC_DYNAMIC_NO_PIC = NO;
				GCC_NO_COMMON_BLOCKS = YES;
				GCC_OPTIMIZATION_LEVEL = 0;
				GCC_PREPROCESSOR_DEFINITIONS = (
					"DEBUG=1",
					"$(inherited)",
				);
				GCC_WARN_64_TO_32_BIT_CONVERSION = YES;
				GCC_WARN_ABOUT_RETURN_TYPE = YES_ERROR;
				GCC_WARN_UNDECLARED_SELECTOR = YES;
				GCC_WARN_UNINITIALIZED_AUTOS = YES_AGGRESSIVE;
				GCC_WARN_UNUSED_FUNCTION = YES;
				GCC_WARN_UNUSED_VARIABLE = YES;
				IPHONEOS_DEPLOYMENT_TARGET = 16.4;
				MTL_ENABLE_DEBUG_INFO = INCLUDE_SOURCE;
				MTL_FAST_MATH = YES;
				ONLY_ACTIVE_ARCH = YES;
				SDKROOT = iphoneos;
			};
			name = Debug;
		};
		83FD99692A35054600DE1161 /* Release */ = {
			isa = XCBuildConfiguration;
			buildSettings = {
				ALWAYS_SEARCH_USER_PATHS = NO;
				CLANG_ANALYZER_NONNULL = YES;
				CLANG_ANALYZER_NUMBER_OBJECT_CONVERSION = YES_AGGRESSIVE;
				CLANG_CXX_LANGUAGE_STANDARD = "gnu++20";
				CLANG_ENABLE_MODULES = YES;
				CLANG_ENABLE_OBJC_ARC = YES;
				CLANG_ENABLE_OBJC_WEAK = YES;
				CLANG_WARN_BLOCK_CAPTURE_AUTORELEASING = YES;
				CLANG_WARN_BOOL_CONVERSION = YES;
				CLANG_WARN_COMMA = YES;
				CLANG_WARN_CONSTANT_CONVERSION = YES;
				CLANG_WARN_DEPRECATED_OBJC_IMPLEMENTATIONS = YES;
				CLANG_WARN_DIRECT_OBJC_ISA_USAGE = YES_ERROR;
				CLANG_WARN_DOCUMENTATION_COMMENTS = YES;
				CLANG_WARN_EMPTY_BODY = YES;
				CLANG_WARN_ENUM_CONVERSION = YES;
				CLANG_WARN_INFINITE_RECURSION = YES;
				CLANG_WARN_INT_CONVERSION = YES;
				CLANG_WARN_NON_LITERAL_NULL_CONVERSION = YES;
				CLANG_WARN_OBJC_IMPLICIT_RETAIN_SELF = YES;
				CLANG_WARN_OBJC_LITERAL_CONVERSION = YES;
				CLANG_WARN_OBJC_ROOT_CLASS = YES_ERROR;
				CLANG_WARN_QUOTED_INCLUDE_IN_FRAMEWORK_HEADER = YES;
				CLANG_WARN_RANGE_LOOP_ANALYSIS = YES;
				CLANG_WARN_STRICT_PROTOTYPES = YES;
				CLANG_WARN_SUSPICIOUS_MOVE = YES;
				CLANG_WARN_UNGUARDED_AVAILABILITY = YES_AGGRESSIVE;
				CLANG_WARN_UNREACHABLE_CODE = YES;
				CLANG_WARN__DUPLICATE_METHOD_MATCH = YES;
				COPY_PHASE_STRIP = NO;
				DEBUG_INFORMATION_FORMAT = "dwarf-with-dsym";
				ENABLE_NS_ASSERTIONS = NO;
				ENABLE_STRICT_OBJC_MSGSEND = YES;
				GCC_C_LANGUAGE_STANDARD = gnu11;
				GCC_NO_COMMON_BLOCKS = YES;
				GCC_WARN_64_TO_32_BIT_CONVERSION = YES;
				GCC_WARN_ABOUT_RETURN_TYPE = YES_ERROR;
				GCC_WARN_UNDECLARED_SELECTOR = YES;
				GCC_WARN_UNINITIALIZED_AUTOS = YES_AGGRESSIVE;
				GCC_WARN_UNUSED_FUNCTION = YES;
				GCC_WARN_UNUSED_VARIABLE = YES;
				IPHONEOS_DEPLOYMENT_TARGET = 16.4;
				MTL_ENABLE_DEBUG_INFO = NO;
				MTL_FAST_MATH = YES;
				SDKROOT = iphoneos;
				VALIDATE_PRODUCT = YES;
			};
			name = Release;
		};
		83FD996B2A35054600DE1161 /* Debug */ = {
			isa = XCBuildConfiguration;
			buildSettings = {
				ASSETCATALOG_COMPILER_APPICON_NAME = AppIcon;
				ASSETCATALOG_COMPILER_GLOBAL_ACCENT_COLOR_NAME = AccentColor;
				CODE_SIGN_IDENTITY = "Apple Development";
				CODE_SIGN_STYLE = Automatic;
				CURRENT_PROJECT_VERSION = 1;
				DEVELOPMENT_TEAM = 53X9ZJ8N9W;
				GENERATE_INFOPLIST_FILE = YES;
				INFOPLIST_FILE = PlaceReminder/Info.plist;
				INFOPLIST_KEY_NSLocationWhenInUseUsageDescription = "The app needs access to your current location in order to function properly";
				INFOPLIST_KEY_UIApplicationSupportsIndirectInputEvents = YES;
				INFOPLIST_KEY_UILaunchStoryboardName = LaunchScreen;
				INFOPLIST_KEY_UIMainStoryboardFile = Main;
				INFOPLIST_KEY_UIRequiresFullScreen = NO;
				INFOPLIST_KEY_UIStatusBarStyle = "";
				INFOPLIST_KEY_UISupportedInterfaceOrientations = UIInterfaceOrientationPortrait;
				LD_RUNPATH_SEARCH_PATHS = (
					"$(inherited)",
					"@executable_path/Frameworks",
				);
				MARKETING_VERSION = 1.0;
				PRODUCT_BUNDLE_IDENTIFIER = Nathan.PlaceReminder;
				PRODUCT_NAME = "$(TARGET_NAME)";
				PROVISIONING_PROFILE_SPECIFIER = "";
				SWIFT_EMIT_LOC_STRINGS = YES;
				TARGETED_DEVICE_FAMILY = "1,2";
			};
			name = Debug;
		};
		83FD996C2A35054600DE1161 /* Release */ = {
			isa = XCBuildConfiguration;
			buildSettings = {
				ASSETCATALOG_COMPILER_APPICON_NAME = AppIcon;
				ASSETCATALOG_COMPILER_GLOBAL_ACCENT_COLOR_NAME = AccentColor;
				CODE_SIGN_IDENTITY = "Apple Development";
				CODE_SIGN_STYLE = Automatic;
				CURRENT_PROJECT_VERSION = 1;
				DEVELOPMENT_TEAM = 53X9ZJ8N9W;
				GENERATE_INFOPLIST_FILE = YES;
				INFOPLIST_FILE = PlaceReminder/Info.plist;
				INFOPLIST_KEY_NSLocationWhenInUseUsageDescription = "The app needs access to your current location in order to function properly";
				INFOPLIST_KEY_UIApplicationSupportsIndirectInputEvents = YES;
				INFOPLIST_KEY_UILaunchStoryboardName = LaunchScreen;
				INFOPLIST_KEY_UIMainStoryboardFile = Main;
				INFOPLIST_KEY_UIRequiresFullScreen = NO;
				INFOPLIST_KEY_UIStatusBarStyle = "";
				INFOPLIST_KEY_UISupportedInterfaceOrientations = UIInterfaceOrientationPortrait;
				LD_RUNPATH_SEARCH_PATHS = (
					"$(inherited)",
					"@executable_path/Frameworks",
				);
				MARKETING_VERSION = 1.0;
				PRODUCT_BUNDLE_IDENTIFIER = Nathan.PlaceReminder;
				PRODUCT_NAME = "$(TARGET_NAME)";
				PROVISIONING_PROFILE_SPECIFIER = "";
				SWIFT_EMIT_LOC_STRINGS = YES;
				TARGETED_DEVICE_FAMILY = "1,2";
			};
			name = Release;
		};
/* End XCBuildConfiguration section */

/* Begin XCConfigurationList section */
		83FD994C2A35054400DE1161 /* Build configuration list for PBXProject "PlaceReminder" */ = {
			isa = XCConfigurationList;
			buildConfigurations = (
				83FD99682A35054600DE1161 /* Debug */,
				83FD99692A35054600DE1161 /* Release */,
			);
			defaultConfigurationIsVisible = 0;
			defaultConfigurationName = Release;
		};
		83FD996A2A35054600DE1161 /* Build configuration list for PBXNativeTarget "PlaceReminder" */ = {
			isa = XCConfigurationList;
			buildConfigurations = (
				83FD996B2A35054600DE1161 /* Debug */,
				83FD996C2A35054600DE1161 /* Release */,
			);
			defaultConfigurationIsVisible = 0;
			defaultConfigurationName = Release;
		};
/* End XCConfigurationList section */
	};
	rootObject = 83FD99492A35054400DE1161 /* Project object */;
}
